
Microsoft Visual Studio Solution File, Format Version 12.00
# Visual Studio 14
VisualStudioVersion = 14.0.25420.1
MinimumVisualStudioVersion = 10.0.40219.1
Project("{FAE04EC0-301F-11D3-BF4B-00C04F79EFBC}") = "ProductApp.API", "ProductApp.API\ProductApp.API.csproj", "{C0F54377-ADE6-4274-95F0-E67D27D44170}"
EndProject
Project("{FAE04EC0-301F-11D3-BF4B-00C04F79EFBC}") = "ProductApp.DAL", "ProductApp.DAL\ProductApp.DAL.csproj", "{C519FF47-C142-470A-B929-5EA62565D1C8}"
EndProject
Project("{FAE04EC0-301F-11D3-BF4B-00C04F79EFBC}") = "ProductApp.GUI", "ProductApp.GUI\ProductApp.GUI.csproj", "{3988BE59-5C30-4B42-844C-B954A8622FD9}"
EndProject
Global
	GlobalSection(SolutionConfigurationPlatforms) = preSolution
		Debug|Any CPU = Debug|Any CPU
		Release|Any CPU = Release|Any CPU
	EndGlobalSection
	GlobalSection(ProjectConfigurationPlatforms) = postSolution
		{C0F54377-ADE6-4274-95F0-E67D27D44170}.Debug|Any CPU.ActiveCfg = Debug|Any CPU
		{C0F54377-ADE6-4274-95F0-E67D27D44170}.Debug|Any CPU.Build.0 = Debug|Any CPU
		{C0F54377-ADE6-4274-95F0-E67D27D44170}.Release|Any CPU.ActiveCfg = Release|Any CPU
		{C0F54377-ADE6-4274-95F0-E67D27D44170}.Release|Any CPU.Build.0 = Release|Any CPU
		{C519FF47-C142-470A-B929-5EA62565D1C8}.Debug|Any CPU.ActiveCfg = Debug|Any CPU
		{C519FF47-C142-470A-B929-5EA62565D1C8}.Debug|Any CPU.Build.0 = Debug|Any CPU
		{C519FF47-C142-470A-B929-5EA62565D1C8}.Release|Any CPU.ActiveCfg = Release|Any CPU
		{C519FF47-C142-470A-B929-5EA62565D1C8}.Release|Any CPU.Build.0 = Release|Any CPU
		{3988BE59-5C30-4B42-844C-B954A8622FD9}.Debug|Any CPU.ActiveCfg = Debug|Any CPU
		{3988BE59-5C30-4B42-844C-B954A8622FD9}.Debug|Any CPU.Build.0 = Debug|Any CPU
		{3988BE59-5C30-4B42-844C-B954A8622FD9}.Release|Any CPU.ActiveCfg = Release|Any CPU
		{3988BE59-5C30-4B42-844C-B954A8622FD9}.Release|Any CPU.Build.0 = Release|Any CPU
	EndGlobalSection
	GlobalSection(SolutionProperties) = preSolution
		HideSolutionNode = FALSE
	EndGlobalSection
EndGlobal
